
Microsoft Visual Studio Solution File, Format Version 12.00
# Visual Studio 15
VisualStudioVersion = 15.0.27703.2000
MinimumVisualStudioVersion = 10.0.40219.1
Project("{FAE04EC0-301F-11D3-BF4B-00C04F79EFBC}") = "Draw-NonConvex-Polygons-Operations", "Draw-NonConvex-Polygons-Show-Union\Draw-NonConvex-Polygons-Operations.csproj", "{C0CAC1DF-D607-4582-AEF7-CB6992E2F371}"
EndProject
Project("{FAE04EC0-301F-11D3-BF4B-00C04F79EFBC}") = "Domain", "Domain\Domain.csproj", "{656F367B-32BB-4AF0-90BA-3DB896B0505C}"
EndProject
Project("{FAE04EC0-301F-11D3-BF4B-00C04F79EFBC}") = "Factory", "Factory\Factory.csproj", "{2E25EC79-E11E-44A7-B56C-16FA2DFEDB8F}"
EndProject
Project("{FAE04EC0-301F-11D3-BF4B-00C04F79EFBC}") = "Services", "Services\Services.csproj", "{CF6C63BC-60C6-431C-8C4F-2472F182BC6E}"
EndProject
Project("{FAE04EC0-301F-11D3-BF4B-00C04F79EFBC}") = "Polygon.Test", "Polygon.Test\Polygon.Test.csproj", "{B0C0317F-D65E-4DF0-B020-6221F3E446B1}"
EndProject
Project("{FAE04EC0-301F-11D3-BF4B-00C04F79EFBC}") = "GeometryHelper", "GeometryHelper\GeometryHelper.csproj", "{997D85A5-4106-4246-9153-BC126C4B5245}"
EndProject
Global
	GlobalSection(SolutionConfigurationPlatforms) = preSolution
		Debug|Any CPU = Debug|Any CPU
		Release|Any CPU = Release|Any CPU
	EndGlobalSection
	GlobalSection(ProjectConfigurationPlatforms) = postSolution
		{C0CAC1DF-D607-4582-AEF7-CB6992E2F371}.Debug|Any CPU.ActiveCfg = Debug|Any CPU
		{C0CAC1DF-D607-4582-AEF7-CB6992E2F371}.Debug|Any CPU.Build.0 = Debug|Any CPU
		{C0CAC1DF-D607-4582-AEF7-CB6992E2F371}.Release|Any CPU.ActiveCfg = Release|Any CPU
		{C0CAC1DF-D607-4582-AEF7-CB6992E2F371}.Release|Any CPU.Build.0 = Release|Any CPU
		{656F367B-32BB-4AF0-90BA-3DB896B0505C}.Debug|Any CPU.ActiveCfg = Debug|Any CPU
		{656F367B-32BB-4AF0-90BA-3DB896B0505C}.Debug|Any CPU.Build.0 = Debug|Any CPU
		{656F367B-32BB-4AF0-90BA-3DB896B0505C}.Release|Any CPU.ActiveCfg = Release|Any CPU
		{656F367B-32BB-4AF0-90BA-3DB896B0505C}.Release|Any CPU.Build.0 = Release|Any CPU
		{2E25EC79-E11E-44A7-B56C-16FA2DFEDB8F}.Debug|Any CPU.ActiveCfg = Debug|Any CPU
		{2E25EC79-E11E-44A7-B56C-16FA2DFEDB8F}.Debug|Any CPU.Build.0 = Debug|Any CPU
		{2E25EC79-E11E-44A7-B56C-16FA2DFEDB8F}.Release|Any CPU.ActiveCfg = Release|Any CPU
		{2E25EC79-E11E-44A7-B56C-16FA2DFEDB8F}.Release|Any CPU.Build.0 = Release|Any CPU
		{CF6C63BC-60C6-431C-8C4F-2472F182BC6E}.Debug|Any CPU.ActiveCfg = Debug|Any CPU
		{CF6C63BC-60C6-431C-8C4F-2472F182BC6E}.Debug|Any CPU.Build.0 = Debug|Any CPU
		{CF6C63BC-60C6-431C-8C4F-2472F182BC6E}.Release|Any CPU.ActiveCfg = Release|Any CPU
		{CF6C63BC-60C6-431C-8C4F-2472F182BC6E}.Release|Any CPU.Build.0 = Release|Any CPU
		{B0C0317F-D65E-4DF0-B020-6221F3E446B1}.Debug|Any CPU.ActiveCfg = Debug|Any CPU
		{B0C0317F-D65E-4DF0-B020-6221F3E446B1}.Debug|Any CPU.Build.0 = Debug|Any CPU
		{B0C0317F-D65E-4DF0-B020-6221F3E446B1}.Release|Any CPU.ActiveCfg = Release|Any CPU
		{B0C0317F-D65E-4DF0-B020-6221F3E446B1}.Release|Any CPU.Build.0 = Release|Any CPU
		{997D85A5-4106-4246-9153-BC126C4B5245}.Debug|Any CPU.ActiveCfg = Debug|Any CPU
		{997D85A5-4106-4246-9153-BC126C4B5245}.Debug|Any CPU.Build.0 = Debug|Any CPU
		{997D85A5-4106-4246-9153-BC126C4B5245}.Release|Any CPU.ActiveCfg = Release|Any CPU
		{997D85A5-4106-4246-9153-BC126C4B5245}.Release|Any CPU.Build.0 = Release|Any CPU
	EndGlobalSection
	GlobalSection(SolutionProperties) = preSolution
		HideSolutionNode = FALSE
	EndGlobalSection
	GlobalSection(ExtensibilityGlobals) = postSolution
		SolutionGuid = {C6C1DA45-5F99-4365-AADA-AD0991EA69CA}
	EndGlobalSection
EndGlobal
